
Microsoft Visual Studio Solution File, Format Version 12.00
# Visual Studio Version 16
VisualStudioVersion = 16.0.34601.136
MinimumVisualStudioVersion = 10.0.40219.1
Project("{FAE04EC0-301F-11D3-BF4B-00C04F79EFBC}") = "Proyecto Tres", "Proyecto Tres.csproj", "{B3CAC757-A066-48C7-BCEC-575E820ECEDE}"
EndProject
Global
	GlobalSection(SolutionConfigurationPlatforms) = preSolution
		Debug|Any CPU = Debug|Any CPU
		Release|Any CPU = Release|Any CPU
	EndGlobalSection
	GlobalSection(ProjectConfigurationPlatforms) = postSolution
		{B3CAC757-A066-48C7-BCEC-575E820ECEDE}.Debug|Any CPU.ActiveCfg = Debug|Any CPU
		{B3CAC757-A066-48C7-BCEC-575E820ECEDE}.Debug|Any CPU.Build.0 = Debug|Any CPU
		{B3CAC757-A066-48C7-BCEC-575E820ECEDE}.Release|Any CPU.ActiveCfg = Release|Any CPU
		{B3CAC757-A066-48C7-BCEC-575E820ECEDE}.Release|Any CPU.Build.0 = Release|Any CPU
	EndGlobalSection
	GlobalSection(SolutionProperties) = preSolution
		HideSolutionNode = FALSE
	EndGlobalSection
	GlobalSection(ExtensibilityGlobals) = postSolution
		SolutionGuid = {AE5B6C3B-2D91-4AAA-B450-A334C5AADEF0}
	EndGlobalSection
EndGlobal
